
Microsoft Visual Studio Solution File, Format Version 12.00
# Visual Studio 15
VisualStudioVersion = 15.0.28307.645
MinimumVisualStudioVersion = 10.0.40219.1
Project("{FAE04EC0-301F-11D3-BF4B-00C04F79EFBC}") = "kolokwium", "kolokwium\kolokwium.csproj", "{D3DCB59A-604F-4360-B7FA-6309FCC20726}"
EndProject
Global
	GlobalSection(SolutionConfigurationPlatforms) = preSolution
		Debug|Any CPU = Debug|Any CPU
		Release|Any CPU = Release|Any CPU
	EndGlobalSection
	GlobalSection(ProjectConfigurationPlatforms) = postSolution
		{D3DCB59A-604F-4360-B7FA-6309FCC20726}.Debug|Any CPU.ActiveCfg = Debug|Any CPU
		{D3DCB59A-604F-4360-B7FA-6309FCC20726}.Debug|Any CPU.Build.0 = Debug|Any CPU
		{D3DCB59A-604F-4360-B7FA-6309FCC20726}.Release|Any CPU.ActiveCfg = Release|Any CPU
		{D3DCB59A-604F-4360-B7FA-6309FCC20726}.Release|Any CPU.Build.0 = Release|Any CPU
	EndGlobalSection
	GlobalSection(SolutionProperties) = preSolution
		HideSolutionNode = FALSE
	EndGlobalSection
	GlobalSection(ExtensibilityGlobals) = postSolution
		SolutionGuid = {309F8886-A431-4E86-A483-A506A53BC8EF}
	EndGlobalSection
EndGlobal
