
Microsoft Visual Studio Solution File, Format Version 12.00
# Visual Studio Version 16
VisualStudioVersion = 16.0.30114.105
MinimumVisualStudioVersion = 10.0.40219.1
Project("{FAE04EC0-301F-11D3-BF4B-00C04F79EFBC}") = "Maksimum", "Maksimum\Maksimum.csproj", "{44DC5D66-6F56-404B-874F-F892ADA40FFD}"
EndProject
Global
	GlobalSection(SolutionConfigurationPlatforms) = preSolution
		Debug|Any CPU = Debug|Any CPU
		Release|Any CPU = Release|Any CPU
	EndGlobalSection
	GlobalSection(ProjectConfigurationPlatforms) = postSolution
		{44DC5D66-6F56-404B-874F-F892ADA40FFD}.Debug|Any CPU.ActiveCfg = Debug|Any CPU
		{44DC5D66-6F56-404B-874F-F892ADA40FFD}.Debug|Any CPU.Build.0 = Debug|Any CPU
		{44DC5D66-6F56-404B-874F-F892ADA40FFD}.Release|Any CPU.ActiveCfg = Release|Any CPU
		{44DC5D66-6F56-404B-874F-F892ADA40FFD}.Release|Any CPU.Build.0 = Release|Any CPU
	EndGlobalSection
	GlobalSection(SolutionProperties) = preSolution
		HideSolutionNode = FALSE
	EndGlobalSection
	GlobalSection(ExtensibilityGlobals) = postSolution
		SolutionGuid = {1CE27051-4860-46CE-9237-63A3876C9FED}
	EndGlobalSection
EndGlobal
